
Microsoft Visual Studio Solution File, Format Version 12.00
# Visual Studio 2013
VisualStudioVersion = 12.0.30501.0
MinimumVisualStudioVersion = 10.0.40219.1
Project("{2150E333-8FDC-42A3-9474-1A3956D46DE8}") = "Client", "Client", "{75A9DA42-6425-4580-870A-DDF29D8D3478}"
EndProject
Project("{2150E333-8FDC-42A3-9474-1A3956D46DE8}") = "Common", "Common", "{C89D54E6-4F54-4CE6-9A3D-23802449CCEF}"
EndProject
Project("{2150E333-8FDC-42A3-9474-1A3956D46DE8}") = "Driver", "Driver", "{93248BE9-15EF-479A-A2CA-0FD0352412AB}"
EndProject
Project("{2150E333-8FDC-42A3-9474-1A3956D46DE8}") = "Samples", "Samples", "{67136298-48A1-4A47-84DF-D7F70863C5FE}"
EndProject
Project("{2150E333-8FDC-42A3-9474-1A3956D46DE8}") = "System", "System", "{7036C235-A8CD-42DE-8EF4-E63CDE808858}"
EndProject
Project("{FAE04EC0-301F-11D3-BF4B-00C04F79EFBC}") = "Aeron.Client", "Aeron.Client\Aeron.Client.csproj", "{F7E3EA8B-E3AC-4E90-AB83-7B197C3EBF57}"
EndProject
Project("{FAE04EC0-301F-11D3-BF4B-00C04F79EFBC}") = "Aeron.Client.Tests", "Aeron.Client.Tests\Aeron.Client.Tests.csproj", "{175FB007-1E14-497A-85EB-A7EE401426A6}"
EndProject
Project("{FAE04EC0-301F-11D3-BF4B-00C04F79EFBC}") = "Aeron.Common", "Aeron.Common\Aeron.Common.csproj", "{468B689F-8FC4-4C72-BF1F-57762CB86420}"
EndProject
Project("{FAE04EC0-301F-11D3-BF4B-00C04F79EFBC}") = "Aeron.Common.Tests", "Aeron.Common.Tests\Aeron.Common.Tests.csproj", "{0867EB21-FF6F-4A34-8D1C-E60F24150B5C}"
EndProject
Project("{FAE04EC0-301F-11D3-BF4B-00C04F79EFBC}") = "Aeron.Driver.Tests", "Aeron.Driver.Tests\Aeron.Driver.Tests.csproj", "{4B6E7AEE-5C3E-4E34-8E08-8B797AA6AE8A}"
EndProject
Project("{FAE04EC0-301F-11D3-BF4B-00C04F79EFBC}") = "Aeron.Driver", "Aeron.Driver\Aeron.Driver.csproj", "{90AA261C-5746-4E87-A2C1-49611C0500AA}"
EndProject
Project("{FAE04EC0-301F-11D3-BF4B-00C04F79EFBC}") = "Aeron.System.Tests", "Aeron.System.Tests\Aeron.System.Tests.csproj", "{8ED66F29-B0D5-4783-A73D-7300AB7F13E0}"
EndProject
Project("{FAE04EC0-301F-11D3-BF4B-00C04F79EFBC}") = "Aeron.Sample", "Aeron.Sample\Aeron.Sample.csproj", "{64EF4817-D03C-4C4F-938F-1F7DE8BBECED}"
EndProject
Global
	GlobalSection(SolutionConfigurationPlatforms) = preSolution
		Debug|Any CPU = Debug|Any CPU
		Release|Any CPU = Release|Any CPU
	EndGlobalSection
	GlobalSection(ProjectConfigurationPlatforms) = postSolution
		{F7E3EA8B-E3AC-4E90-AB83-7B197C3EBF57}.Debug|Any CPU.ActiveCfg = Debug|Any CPU
		{F7E3EA8B-E3AC-4E90-AB83-7B197C3EBF57}.Debug|Any CPU.Build.0 = Debug|Any CPU
		{F7E3EA8B-E3AC-4E90-AB83-7B197C3EBF57}.Release|Any CPU.ActiveCfg = Release|Any CPU
		{F7E3EA8B-E3AC-4E90-AB83-7B197C3EBF57}.Release|Any CPU.Build.0 = Release|Any CPU
		{175FB007-1E14-497A-85EB-A7EE401426A6}.Debug|Any CPU.ActiveCfg = Debug|Any CPU
		{175FB007-1E14-497A-85EB-A7EE401426A6}.Debug|Any CPU.Build.0 = Debug|Any CPU
		{175FB007-1E14-497A-85EB-A7EE401426A6}.Release|Any CPU.ActiveCfg = Release|Any CPU
		{175FB007-1E14-497A-85EB-A7EE401426A6}.Release|Any CPU.Build.0 = Release|Any CPU
		{468B689F-8FC4-4C72-BF1F-57762CB86420}.Debug|Any CPU.ActiveCfg = Debug|Any CPU
		{468B689F-8FC4-4C72-BF1F-57762CB86420}.Debug|Any CPU.Build.0 = Debug|Any CPU
		{468B689F-8FC4-4C72-BF1F-57762CB86420}.Release|Any CPU.ActiveCfg = Release|Any CPU
		{468B689F-8FC4-4C72-BF1F-57762CB86420}.Release|Any CPU.Build.0 = Release|Any CPU
		{0867EB21-FF6F-4A34-8D1C-E60F24150B5C}.Debug|Any CPU.ActiveCfg = Debug|Any CPU
		{0867EB21-FF6F-4A34-8D1C-E60F24150B5C}.Debug|Any CPU.Build.0 = Debug|Any CPU
		{0867EB21-FF6F-4A34-8D1C-E60F24150B5C}.Release|Any CPU.ActiveCfg = Release|Any CPU
		{0867EB21-FF6F-4A34-8D1C-E60F24150B5C}.Release|Any CPU.Build.0 = Release|Any CPU
		{4B6E7AEE-5C3E-4E34-8E08-8B797AA6AE8A}.Debug|Any CPU.ActiveCfg = Debug|Any CPU
		{4B6E7AEE-5C3E-4E34-8E08-8B797AA6AE8A}.Debug|Any CPU.Build.0 = Debug|Any CPU
		{4B6E7AEE-5C3E-4E34-8E08-8B797AA6AE8A}.Release|Any CPU.ActiveCfg = Release|Any CPU
		{4B6E7AEE-5C3E-4E34-8E08-8B797AA6AE8A}.Release|Any CPU.Build.0 = Release|Any CPU
		{90AA261C-5746-4E87-A2C1-49611C0500AA}.Debug|Any CPU.ActiveCfg = Debug|Any CPU
		{90AA261C-5746-4E87-A2C1-49611C0500AA}.Debug|Any CPU.Build.0 = Debug|Any CPU
		{90AA261C-5746-4E87-A2C1-49611C0500AA}.Release|Any CPU.ActiveCfg = Release|Any CPU
		{90AA261C-5746-4E87-A2C1-49611C0500AA}.Release|Any CPU.Build.0 = Release|Any CPU
		{8ED66F29-B0D5-4783-A73D-7300AB7F13E0}.Debug|Any CPU.ActiveCfg = Debug|Any CPU
		{8ED66F29-B0D5-4783-A73D-7300AB7F13E0}.Debug|Any CPU.Build.0 = Debug|Any CPU
		{8ED66F29-B0D5-4783-A73D-7300AB7F13E0}.Release|Any CPU.ActiveCfg = Release|Any CPU
		{8ED66F29-B0D5-4783-A73D-7300AB7F13E0}.Release|Any CPU.Build.0 = Release|Any CPU
		{64EF4817-D03C-4C4F-938F-1F7DE8BBECED}.Debug|Any CPU.ActiveCfg = Debug|Any CPU
		{64EF4817-D03C-4C4F-938F-1F7DE8BBECED}.Debug|Any CPU.Build.0 = Debug|Any CPU
		{64EF4817-D03C-4C4F-938F-1F7DE8BBECED}.Release|Any CPU.ActiveCfg = Release|Any CPU
		{64EF4817-D03C-4C4F-938F-1F7DE8BBECED}.Release|Any CPU.Build.0 = Release|Any CPU
	EndGlobalSection
	GlobalSection(SolutionProperties) = preSolution
		HideSolutionNode = FALSE
	EndGlobalSection
	GlobalSection(NestedProjects) = preSolution
		{F7E3EA8B-E3AC-4E90-AB83-7B197C3EBF57} = {75A9DA42-6425-4580-870A-DDF29D8D3478}
		{175FB007-1E14-497A-85EB-A7EE401426A6} = {75A9DA42-6425-4580-870A-DDF29D8D3478}
		{468B689F-8FC4-4C72-BF1F-57762CB86420} = {C89D54E6-4F54-4CE6-9A3D-23802449CCEF}
		{0867EB21-FF6F-4A34-8D1C-E60F24150B5C} = {C89D54E6-4F54-4CE6-9A3D-23802449CCEF}
		{4B6E7AEE-5C3E-4E34-8E08-8B797AA6AE8A} = {93248BE9-15EF-479A-A2CA-0FD0352412AB}
		{90AA261C-5746-4E87-A2C1-49611C0500AA} = {93248BE9-15EF-479A-A2CA-0FD0352412AB}
		{8ED66F29-B0D5-4783-A73D-7300AB7F13E0} = {7036C235-A8CD-42DE-8EF4-E63CDE808858}
		{64EF4817-D03C-4C4F-938F-1F7DE8BBECED} = {67136298-48A1-4A47-84DF-D7F70863C5FE}
	EndGlobalSection
EndGlobal
